// !$*UTF8*$!
{
	archiveVersion = 1;
	classes = {
	};
	objectVersion = 46;
	objects = {

/* Begin PBXBuildFile section */
		4078188E1BCDF82300F8F5D4 /* EAIntroView.h in CopyFiles */ = {isa = PBXBuildFile; fileRef = 4078188D1BCDF82300F8F5D4 /* EAIntroView.h */; };
		407818901BCDF82300F8F5D4 /* EAIntroView.m in Sources */ = {isa = PBXBuildFile; fileRef = 4078188F1BCDF82300F8F5D4 /* EAIntroView.m */; };
		407818981BCDFA6000F8F5D4 /* EAIntroPage.m in Sources */ = {isa = PBXBuildFile; fileRef = 407818971BCDFA6000F8F5D4 /* EAIntroPage.m */; settings = {ASSET_TAGS = (); }; };
		4078189B1BCDFBC900F8F5D4 /* EARestrictedScrollView.m in Sources */ = {isa = PBXBuildFile; fileRef = 4078189A1BCDFBC900F8F5D4 /* EARestrictedScrollView.m */; settings = {ASSET_TAGS = (); }; };
/* End PBXBuildFile section */

/* Begin PBXCopyFilesBuildPhase section */
		407818881BCDF82300F8F5D4 /* CopyFiles */ = {
			isa = PBXCopyFilesBuildPhase;
			buildActionMask = 2147483647;
			dstPath = "include/$(PRODUCT_NAME)";
			dstSubfolderSpec = 16;
			files = (
				4078188E1BCDF82300F8F5D4 /* EAIntroView.h in CopyFiles */,
			);
			runOnlyForDeploymentPostprocessing = 0;
		};
/* End PBXCopyFilesBuildPhase section */

/* Begin PBXFileReference section */
		4078188A1BCDF82300F8F5D4 /* libEAIntroView.a */ = {isa = PBXFileReference; explicitFileType = archive.ar; includeInIndex = 0; path = libEAIntroView.a; sourceTree = BUILT_PRODUCTS_DIR; };
		4078188D1BCDF82300F8F5D4 /* EAIntroView.h */ = {isa = PBXFileReference; lastKnownFileType = sourcecode.c.h; path = EAIntroView.h; sourceTree = "<group>"; };
		4078188F1BCDF82300F8F5D4 /* EAIntroView.m */ = {isa = PBXFileReference; lastKnownFileType = sourcecode.c.objc; path = EAIntroView.m; sourceTree = "<group>"; };
		407818961BCDFA6000F8F5D4 /* EAIntroPage.h */ = {isa = PBXFileReference; fileEncoding = 4; lastKnownFileType = sourcecode.c.h; path = EAIntroPage.h; sourceTree = "<group>"; };
		407818971BCDFA6000F8F5D4 /* EAIntroPage.m */ = {isa = PBXFileReference; fileEncoding = 4; lastKnownFileType = sourcecode.c.objc; path = EAIntroPage.m; sourceTree = "<group>"; };
		407818991BCDFBC900F8F5D4 /* EARestrictedScrollView.h */ = {isa = PBXFileReference; fileEncoding = 4; lastKnownFileType = sourcecode.c.h; path = EARestrictedScrollView.h; sourceTree = "<group>"; };
		4078189A1BCDFBC900F8F5D4 /* EARestrictedScrollView.m */ = {isa = PBXFileReference; fileEncoding = 4; lastKnownFileType = sourcecode.c.objc; path = EARestrictedScrollView.m; sourceTree = "<group>"; };
/* End PBXFileReference section */

/* Begin PBXFrameworksBuildPhase section */
		407818871BCDF82300F8F5D4 /* Frameworks */ = {
			isa = PBXFrameworksBuildPhase;
			buildActionMask = 2147483647;
			files = (
			);
			runOnlyForDeploymentPostprocessing = 0;
		};
/* End PBXFrameworksBuildPhase section */

/* Begin PBXGroup section */
		407818811BCDF82300F8F5D4 = {
			isa = PBXGroup;
			children = (
				4078188C1BCDF82300F8F5D4 /* EAIntroView */,
				4078188B1BCDF82300F8F5D4 /* Products */,
			);
			sourceTree = "<group>";
		};
		4078188B1BCDF82300F8F5D4 /* Products */ = {
			isa = PBXGroup;
			children = (
				4078188A1BCDF82300F8F5D4 /* libEAIntroView.a */,
			);
			name = Products;
			sourceTree = "<group>";
		};
		4078188C1BCDF82300F8F5D4 /* EAIntroView */ = {
			isa = PBXGroup;
			children = (
				407818991BCDFBC900F8F5D4 /* EARestrictedScrollView.h */,
				4078189A1BCDFBC900F8F5D4 /* EARestrictedScrollView.m */,
				407818961BCDFA6000F8F5D4 /* EAIntroPage.h */,
				407818971BCDFA6000F8F5D4 /* EAIntroPage.m */,
				4078188D1BCDF82300F8F5D4 /* EAIntroView.h */,
				4078188F1BCDF82300F8F5D4 /* EAIntroView.m */,
			);
			path = EAIntroView;
			sourceTree = "<group>";
		};
/* End PBXGroup section */

/* Begin PBXNativeTarget section */
		407818891BCDF82300F8F5D4 /* EAIntroView */ = {
			isa = PBXNativeTarget;
			buildConfigurationList = 407818931BCDF82300F8F5D4 /* Build configuration list for PBXNativeTarget "EAIntroView" */;
			buildPhases = (
				407818861BCDF82300F8F5D4 /* Sources */,
				407818871BCDF82300F8F5D4 /* Frameworks */,
				407818881BCDF82300F8F5D4 /* CopyFiles */,
			);
			buildRules = (
			);
			dependencies = (
			);
			name = EAIntroView;
			productName = EAIntroView;
			productReference = 4078188A1BCDF82300F8F5D4 /* libEAIntroView.a */;
			productType = "com.apple.product-type.library.static";
		};
/* End PBXNativeTarget section */

/* Begin PBXProject section */
		407818821BCDF82300F8F5D4 /* Project object */ = {
			isa = PBXProject;
			attributes = {
				LastUpgradeCheck = 0700;
				ORGANIZATIONNAME = bass;
				TargetAttributes = {
					407818891BCDF82300F8F5D4 = {
						CreatedOnToolsVersion = 7.0.1;
					};
				};
			};
			buildConfigurationList = 407818851BCDF82300F8F5D4 /* Build configuration list for PBXProject "EAIntroView" */;
			compatibilityVersion = "Xcode 3.2";
			developmentRegion = English;
			hasScannedForEncodings = 0;
			knownRegions = (
				en,
			);
			mainGroup = 407818811BCDF82300F8F5D4;
			productRefGroup = 4078188B1BCDF82300F8F5D4 /* Products */;
			projectDirPath = "";
			projectRoot = "";
			targets = (
				407818891BCDF82300F8F5D4 /* EAIntroView */,
			);
		};
/* End PBXProject section */

/* Begin PBXSourcesBuildPhase section */
		407818861BCDF82300F8F5D4 /* Sources */ = {
			isa = PBXSourcesBuildPhase;
			buildActionMask = 2147483647;
			files = (
				407818901BCDF82300F8F5D4 /* EAIntroView.m in Sources */,
				4078189B1BCDFBC900F8F5D4 /* EARestrictedScrollView.m in Sources */,
				407818981BCDFA6000F8F5D4 /* EAIntroPage.m in Sources */,
			);
			runOnlyForDeploymentPostprocessing = 0;
		};
/* End PBXSourcesBuildPhase section */

/* Begin XCBuildConfiguration section */
		407818911BCDF82300F8F5D4 /* Debug */ = {
			isa = XCBuildConfiguration;
			buildSettings = {
				ALWAYS_SEARCH_USER_PATHS = NO;
				CLANG_CXX_LANGUAGE_STANDARD = "gnu++0x";
				CLANG_CXX_LIBRARY = "libc++";
				CLANG_ENABLE_MODULES = YES;
				CLANG_ENABLE_OBJC_ARC = YES;
				CLANG_WARN_BOOL_CONVERSION = YES;
				CLANG_WARN_CONSTANT_CONVERSION = YES;
				CLANG_WARN_DIRECT_OBJC_ISA_USAGE = YES_ERROR;
				CLANG_WARN_EMPTY_BODY = YES;
				CLANG_WARN_ENUM_CONVERSION = YES;
				CLANG_WARN_INT_CONVERSION = YES;
				CLANG_WARN_OBJC_ROOT_CLASS = YES_ERROR;
				CLANG_WARN_UNREACHABLE_CODE = YES;
				CLANG_WARN__DUPLICATE_METHOD_MATCH = YES;
				COPY_PHASE_STRIP = NO;
				DEBUG_INFORMATION_FORMAT = dwarf;
				ENABLE_STRICT_OBJC_MSGSEND = YES;
				ENABLE_TESTABILITY = YES;
				GCC_C_LANGUAGE_STANDARD = gnu99;
				GCC_DYNAMIC_NO_PIC = NO;
				GCC_NO_COMMON_BLOCKS = YES;
				GCC_OPTIMIZATION_LEVEL = 0;
				GCC_PREPROCESSOR_DEFINITIONS = (
					"DEBUG=1",
					"$(inherited)",
				);
				GCC_WARN_64_TO_32_BIT_CONVERSION = YES;
				GCC_WARN_ABOUT_RETURN_TYPE = YES_ERROR;
				GCC_WARN_UNDECLARED_SELECTOR = YES;
				GCC_WARN_UNINITIALIZED_AUTOS = YES_AGGRESSIVE;
				GCC_WARN_UNUSED_FUNCTION = YES;
				GCC_WARN_UNUSED_VARIABLE = YES;
				IPHONEOS_DEPLOYMENT_TARGET = 9.0;
				MTL_ENABLE_DEBUG_INFO = YES;
				ONLY_ACTIVE_ARCH = YES;
				SDKROOT = iphoneos;
			};
			name = Debug;
		};
		407818921BCDF82300F8F5D4 /* Release */ = {
			isa = XCBuildConfiguration;
			buildSettings = {
				ALWAYS_SEARCH_USER_PATHS = NO;
				CLANG_CXX_LANGUAGE_STANDARD = "gnu++0x";
				CLANG_CXX_LIBRARY = "libc++";
				CLANG_ENABLE_MODULES = YES;
				CLANG_ENABLE_OBJC_ARC = YES;
				CLANG_WARN_BOOL_CONVERSION = YES;
				CLANG_WARN_CONSTANT_CONVERSION = YES;
				CLANG_WARN_DIRECT_OBJC_ISA_USAGE = YES_ERROR;
				CLANG_WARN_EMPTY_BODY = YES;
				CLANG_WARN_ENUM_CONVERSION = YES;
				CLANG_WARN_INT_CONVERSION = YES;
				CLANG_WARN_OBJC_ROOT_CLASS = YES_ERROR;
				CLANG_WARN_UNREACHABLE_CODE = YES;
				CLANG_WARN__DUPLICATE_METHOD_MATCH = YES;
				COPY_PHASE_STRIP = NO;
				DEBUG_INFORMATION_FORMAT = "dwarf-with-dsym";
				ENABLE_NS_ASSERTIONS = NO;
				ENABLE_STRICT_OBJC_MSGSEND = YES;
				GCC_C_LANGUAGE_STANDARD = gnu99;
				GCC_NO_COMMON_BLOCKS = YES;
				GCC_WARN_64_TO_32_BIT_CONVERSION = YES;
				GCC_WARN_ABOUT_RETURN_TYPE = YES_ERROR;
				GCC_WARN_UNDECLARED_SELECTOR = YES;
				GCC_WARN_UNINITIALIZED_AUTOS = YES_AGGRESSIVE;
				GCC_WARN_UNUSED_FUNCTION = YES;
				GCC_WARN_UNUSED_VARIABLE = YES;
				IPHONEOS_DEPLOYMENT_TARGET = 9.0;
				MTL_ENABLE_DEBUG_INFO = NO;
				SDKROOT = iphoneos;
				VALIDATE_PRODUCT = YES;
			};
			name = Release;
		};
		407818941BCDF82300F8F5D4 /* Debug */ = {
			isa = XCBuildConfiguration;
			buildSettings = {
				CODE_SIGN_IDENTITY = "iPhone Developer";
				OTHER_LDFLAGS = "-ObjC";
				PRODUCT_NAME = "$(TARGET_NAME)";
				SKIP_INSTALL = YES;
			};
			name = Debug;
		};
		407818951BCDF82300F8F5D4 /* Release */ = {
			isa = XCBuildConfiguration;
			buildSettings = {
				CODE_SIGN_IDENTITY = "iPhone Developer";
				OTHER_LDFLAGS = "-ObjC";
				PRODUCT_NAME = "$(TARGET_NAME)";
				SKIP_INSTALL = YES;
			};
			name = Release;
		};
/* End XCBuildConfiguration section */

/* Begin XCConfigurationList section */
		407818851BCDF82300F8F5D4 /* Build configuration list for PBXProject "EAIntroView" */ = {
			isa = XCConfigurationList;
			buildConfigurations = (
				407818911BCDF82300F8F5D4 /* Debug */,
				407818921BCDF82300F8F5D4 /* Release */,
			);
			defaultConfigurationIsVisible = 0;
			defaultConfigurationName = Release;
		};
		407818931BCDF82300F8F5D4 /* Build configuration list for PBXNativeTarget "EAIntroView" */ = {
			isa = XCConfigurationList;
			buildConfigurations = (
				407818941BCDF82300F8F5D4 /* Debug */,
				407818951BCDF82300F8F5D4 /* Release */,
			);
			defaultConfigurationIsVisible = 0;
		};
/* End XCConfigurationList section */
	};
	rootObject = 407818821BCDF82300F8F5D4 /* Project object */;
}
